
Microsoft Visual Studio Solution File, Format Version 12.00
# Visual Studio Version 17
VisualStudioVersion = 17.1.32228.430
MinimumVisualStudioVersion = 10.0.40219.1
Project("{9A19103F-16F7-4668-BE54-9A1E7A4F7556}") = "MyFirstApplication", "MyFirstApplication.csproj", "{99960EDB-A0B6-467C-A675-124B3570D357}"
EndProject
Project("{2150E333-8FDC-42A3-9474-1A3956D46DE8}") = "Solution Items", "Solution Items", "{329A0A0F-8EB0-4A4C-B9DD-2E8B5578017B}"
	ProjectSection(SolutionItems) = preProject
		..\README.md = ..\README.md
	EndProjectSection
EndProject
Project("{FAE04EC0-301F-11D3-BF4B-00C04F79EFBC}") = "CSharpBicycleProject", "..\..\csharp-bicycle-project\CSharpBicycleProject\CSharpBicycleProject.csproj", "{D0365AFF-E679-4BD3-8085-DAB845C526D1}"
EndProject
Global
	GlobalSection(SolutionConfigurationPlatforms) = preSolution
		Debug|Any CPU = Debug|Any CPU
		Release|Any CPU = Release|Any CPU
	EndGlobalSection
	GlobalSection(ProjectConfigurationPlatforms) = postSolution
		{99960EDB-A0B6-467C-A675-124B3570D357}.Debug|Any CPU.ActiveCfg = Debug|Any CPU
		{99960EDB-A0B6-467C-A675-124B3570D357}.Debug|Any CPU.Build.0 = Debug|Any CPU
		{99960EDB-A0B6-467C-A675-124B3570D357}.Release|Any CPU.ActiveCfg = Release|Any CPU
		{99960EDB-A0B6-467C-A675-124B3570D357}.Release|Any CPU.Build.0 = Release|Any CPU
		{D0365AFF-E679-4BD3-8085-DAB845C526D1}.Debug|Any CPU.ActiveCfg = Debug|Any CPU
		{D0365AFF-E679-4BD3-8085-DAB845C526D1}.Debug|Any CPU.Build.0 = Debug|Any CPU
		{D0365AFF-E679-4BD3-8085-DAB845C526D1}.Release|Any CPU.ActiveCfg = Release|Any CPU
		{D0365AFF-E679-4BD3-8085-DAB845C526D1}.Release|Any CPU.Build.0 = Release|Any CPU
	EndGlobalSection
	GlobalSection(SolutionProperties) = preSolution
		HideSolutionNode = FALSE
	EndGlobalSection
	GlobalSection(ExtensibilityGlobals) = postSolution
		SolutionGuid = {C4C06F03-78B0-46BE-86E3-183F6261C4F9}
	EndGlobalSection
EndGlobal
